lockfileVersion: '9.0'

settings:
  autoInstallPeers: true
  excludeLinksFromLockfile: false

importers:

  .:
    dependencies:
      '@types/node':
        specifier: ^22.14.1
        version: 22.14.1
      '@zk-email/sdk':
        specifier: ^0.0.139
        version: 0.0.139(typescript@5.8.3)
      typescript:
        specifier: ^5.8.3
        version: 5.8.3

packages:

  '@adraffy/ens-normalize@1.10.1':
    resolution: {integrity: sha512-96Z2IP3mYmF1Xg2cDm8f1gWGf/HUVedQ3FMifV4kG/PQ4yEP51xDtRAEfhVNt5f/uzpNkZHwWQuUcu6D6K+Ekw==}

  '@adraffy/ens-normalize@1.11.0':
    resolution: {integrity: sha512-/3DDPKHqqIqxUULp8yP4zODUY1i+2xvVWsv8A79xGWdCAG+8sb0hRh0Rk2QyOJUnnbyPUAZYcpBuRe3nS2OIUg==}

  '@iden3/bigarray@0.0.2':
    resolution: {integrity: sha512-Xzdyxqm1bOFF6pdIsiHLLl3HkSLjbhqJHVyqaTxXt3RqXBEnmsUmEW47H7VOi/ak7TdkRpNkxjyK5Zbkm+y52g==}

  '@iden3/binfileutils@0.0.12':
    resolution: {integrity: sha512-naAmzuDufRIcoNfQ1d99d7hGHufLA3wZSibtr4dMe6ZeiOPV1KwOZWTJ1YVz4HbaWlpDuzVU72dS4ATQS4PXBQ==}

  '@noble/curves@1.2.0':
    resolution: {integrity: sha512-oYclrNgRaM9SsBUBVbb8M6DTV7ZHRTKugureoYEncY5c65HOmRzvSiTE3y5CYaPYJA/GVkrhXEoF0M3Ya9PMnw==}

  '@noble/curves@1.8.1':
    resolution: {integrity: sha512-warwspo+UYUPep0Q+vtdVB4Ugn8GGQj8iyB3gnRWsztmUHTI3S1nhdiWNsPUGL0vud7JlRRk1XEu7Lq1KGTnMQ==}
    engines: {node: ^14.21.3 || >=16}

  '@noble/hashes@1.3.2':
    resolution: {integrity: sha512-MVC8EAQp7MvEcm30KWENFjgR+Mkmf+D189XJTkFIlwohU5hcBbn1ZkKq7KVTi2Hme3PMGF390DaL52beVrIihQ==}
    engines: {node: '>= 16'}

  '@noble/hashes@1.7.1':
    resolution: {integrity: sha512-B8XBPsn4vT/KJAGqDzbwztd+6Yte3P4V7iafm24bxgDe/mlRuK6xmWPuCNrKt2vDafZ8MfJLlchDG/vYafQEjQ==}
    engines: {node: ^14.21.3 || >=16}

  '@peculiar/asn1-schema@2.3.15':
    resolution: {integrity: sha512-QPeD8UA8axQREpgR5UTAfu2mqQmm97oUqahDtNdBcfj3qAnoXzFdQW+aNf/tD2WVXF8Fhmftxoj0eMIT++gX2w==}

  '@peculiar/json-schema@1.1.12':
    resolution: {integrity: sha512-coUfuoMeIB7B8/NMekxaDzLhaYmp0HZNPEjYRm9goRou8UZIC3z21s0sL9AWoCw4EG876QyO3kYrc61WNF9B/w==}
    engines: {node: '>=8.0.0'}

  '@peculiar/webcrypto@1.5.0':
    resolution: {integrity: sha512-BRs5XUAwiyCDQMsVA9IDvDa7UBR9gAvPHgugOeGng3YN6vJ9JYonyDc0lNczErgtCWtucjR5N7VtaonboD/ezg==}
    engines: {node: '>=10.12.0'}

  '@scure/base@1.2.4':
    resolution: {integrity: sha512-5Yy9czTO47mqz+/J8GM6GIId4umdCk1wc1q8rKERQulIoc8VP9pzDcghv10Tl2E7R96ZUx/PhND3ESYUQX8NuQ==}

  '@scure/bip32@1.6.2':
    resolution: {integrity: sha512-t96EPDMbtGgtb7onKKqxRLfE5g05k7uHnHRM2xdE6BP/ZmxaLtPek4J4KfVn/90IQNrU1IOAqMgiDtUdtbe3nw==}

  '@scure/bip39@1.5.4':
    resolution: {integrity: sha512-TFM4ni0vKvCfBpohoh+/lY05i9gRbSwXWngAsF4CABQxoaOHijxuaZ2R6cStDQ5CHtHO9aGJTr4ksVJASRRyMA==}

  '@types/node@22.14.1':
    resolution: {integrity: sha512-u0HuPQwe/dHrItgHHpmw3N2fYCR6x4ivMNbPHRkBVP4CvN+kiRrKHWk3i8tXiO/joPwXLMYvF9TTF0eqgHIuOw==}

  '@types/node@22.7.5':
    resolution: {integrity: sha512-jML7s2NAzMWc//QSJ1a3prpk78cOPchGvXJsC3C6R6PSMoooztvRVQEz89gmBTBY1SPMaqo5teB4uNHPdetShQ==}

  '@zk-email/relayer-utils@0.4.65':
    resolution: {integrity: sha512-pzb2YA/gRBCf1d8Dw3Lu+L8wu5E5AOR1DADHGUEwYUpefRFvaGrJFv/e1qGzxIIP08xfYFK8iq+W967a7qH35w==}

  '@zk-email/sdk@0.0.139':
    resolution: {integrity: sha512-h5JBgn7qrgYvdbi0jWmbsow89fzl1RKT4F/1zA9BeDVzImPN2JdJ0mrOY+IRYZlEV5zC2OZwtRgBPYajbwpBpg==}
    peerDependencies:
      typescript: ^5.0.0

  '@zk-email/snarkjs@0.0.1':
    resolution: {integrity: sha512-QJ2GfP4C5AW7gAshxHeToLwLdRy1hMiTMaL9AqJiW9hQ2zDD5gMFdav79q7Jwm3h42kzU3A+Na9zqpDr3Iue2w==}
    hasBin: true

  abitype@1.0.8:
    resolution: {integrity: sha512-ZeiI6h3GnW06uYDLx0etQtX/p8E24UaHHBj57RSjK7YBFe7iuVn07EDpOeP451D06sF27VOz9JJPlIKJmXgkEg==}
    peerDependencies:
      typescript: '>=5.0.4'
      zod: ^3 >=3.22.0
    peerDependenciesMeta:
      typescript:
        optional: true
      zod:
        optional: true

  aes-js@4.0.0-beta.5:
    resolution: {integrity: sha512-G965FqalsNyrPqgEGON7nIx1e/OVENSgiEIzyC63haUMuvNnwIgIjMs52hlTCKhkBny7A2ORNlfY9Zu+jmGk1Q==}

  ansi-styles@4.3.0:
    resolution: {integrity: sha512-zbB9rCJAT1rbjiVDb2hqKFHNYLxgtk8NURxZ3IZwD3F6NtxbXZQCnnSi1Lkx+IDohdPlFp222wVALIheZJQSEg==}
    engines: {node: '>=8'}

  asn1js@3.0.6:
    resolution: {integrity: sha512-UOCGPYbl0tv8+006qks/dTgV9ajs97X2p0FAbyS2iyCRrmLSRolDaHdp+v/CLgnzHc3fVB+CwYiUmei7ndFcgA==}
    engines: {node: '>=12.0.0'}

  async@3.2.6:
    resolution: {integrity: sha512-htCUDlxyyCLMgaM3xXg0C0LW2xqfuQ6p05pCEIsXuyQ+a1koYKTuBMzRNwmybfLgvJDMd0r1LTn4+E0Ti6C2AA==}

  b4a@1.6.7:
    resolution: {integrity: sha512-OnAYlL5b7LEkALw87fUVafQw5rVR9RjwGd4KUwNQ6DrrNmaVaUCgLipfVlzrPQ4tWOR9P0IXGNOx50jYCCdSJg==}

  balanced-match@1.0.2:
    resolution: {integrity: sha512-3oSeUO0TMV67hN1AmbXsK4yaqU7tjiHlbxRDZOpH0KW9+CeX4bRAaX0Anxt0tx2MrpRpWwQaPwIlISEJhYU5Pw==}

  bfj@7.1.0:
    resolution: {integrity: sha512-I6MMLkn+anzNdCUp9hMRyui1HaNEUCco50lxbvNS4+EyXg8lN3nJ48PjPWtbH8UVS9CuMoaKE9U2V3l29DaRQw==}
    engines: {node: '>= 8.0.0'}

  blake2b-wasm@2.4.0:
    resolution: {integrity: sha512-S1kwmW2ZhZFFFOghcx73+ZajEfKBqhP82JMssxtLVMxlaPea1p9uoLiUZ5WYyHn0KddwbLc+0vh4wR0KBNoT5w==}

  bluebird@3.7.2:
    resolution: {integrity: sha512-XpNj6GDQzdfW+r2Wnn7xiSAd7TM3jzkxGXBGTtWKuSXv1xUV+azxAm8jdWZN06QTQk+2N2XB9jRDkvbmQmcRtg==}

  brace-expansion@1.1.11:
    resolution: {integrity: sha512-iCuPHDFgrHX7H2vEI/5xpz07zSHB00TpugqhmYtVmMO6518mCuRMoOYFldEBl0g187ufozdaHgWKcYFb61qGiA==}

  brace-expansion@2.0.1:
    resolution: {integrity: sha512-XnAIvQ8eM+kC6aULx6wuQiwVsnzsi9d3WxzV3FpWTGA19F621kwdbsAcFKXgKUHZWsy+mY6iL1sHTxWEFCytDA==}

  chalk@4.1.2:
    resolution: {integrity: sha512-oKnbhFyRIXpUuez8iBMmyEa4nbj4IOQyuhc/wy9kY7/WVPcwIO9VA668Pu8RkO7+0G76SLROeyw9CpQ061i4mA==}
    engines: {node: '>=10'}

  check-types@11.2.3:
    resolution: {integrity: sha512-+67P1GkJRaxQD6PKK0Et9DhwQB+vGg3PM5+aavopCpZT1lj9jeqfvpgTLAWErNj8qApkkmXlu/Ug74kmhagkXg==}

  circom_runtime@0.1.28:
    resolution: {integrity: sha512-ACagpQ7zBRLKDl5xRZ4KpmYIcZDUjOiNRuxvXLqhnnlLSVY1Dbvh73TI853nqoR0oEbihtWmMSjgc5f+pXf/jQ==}
    hasBin: true

  color-convert@2.0.1:
    resolution: {integrity: sha512-RRECPsj7iu/xb5oKYcsFHSppFNnsj/52OVTRKb4zP5onXwVF3zVmmToNcOfGC+CRDpfK/U584fMg38ZHCaElKQ==}
    engines: {node: '>=7.0.0'}

  color-name@1.1.4:
    resolution: {integrity: sha512-dOy+3AuW3a2wNbZHIuMZpTcgjGuLU/uBL/ubcZF9OXbDo8ff4O8yVp5Bf0efS8uEoYo5q4Fx7dY9OgQGXgAsQA==}

  concat-map@0.0.1:
    resolution: {integrity: sha512-/Srv4dswyQNBfohGpz9o6Yb3Gz3SrUDqBH5rTuhGR7ahtlbYKnVxw2bCFMRljaA7EXHaXZ8wsHdodFvbkhKmqg==}

  deep-is@0.1.4:
    resolution: {integrity: sha512-oIPzksmTg4/MriiaYGO+okXDT7ztn/w3Eptv/+gSIdMdKsJo0u4CfYNFJPy+4SKMuCqGw2wxnA+URMg3t8a/bQ==}

  ejs@3.1.10:
    resolution: {integrity: sha512-UeJmFfOrAQS8OJWPZ4qtgHyWExa088/MtK5UEyoJGFH67cDEXkZSviOiKRCZ4Xij0zxI3JECgYs3oKx+AizQBA==}
    engines: {node: '>=0.10.0'}
    hasBin: true

  escodegen@1.14.3:
    resolution: {integrity: sha512-qFcX0XJkdg+PB3xjZZG/wKSuT1PnQWx57+TVSjIMmILd2yC/6ByYElPwJnslDsuWuSAp4AwJGumarAAmJch5Kw==}
    engines: {node: '>=4.0'}
    hasBin: true

  esprima@1.2.2:
    resolution: {integrity: sha512-+JpPZam9w5DuJ3Q67SqsMGtiHKENSMRVoxvArfJZK01/BfLEObtZ6orJa/MtoGNR/rfMgp5837T41PAmTwAv/A==}
    engines: {node: '>=0.4.0'}
    hasBin: true

  esprima@4.0.1:
    resolution: {integrity: sha512-eGuFFw7Upda+g4p+QHvnW0RyTX/SVeJBDM/gCtMARO0cLuT2HcEKnTPvhjV6aGeqrCB/sbNop0Kszm0jsaWU4A==}
    engines: {node: '>=4'}
    hasBin: true

  estraverse@4.3.0:
    resolution: {integrity: sha512-39nnKffWz8xN1BU/2c79n9nB9HDzo0niYUqx6xyqUnyoAnQyyWpOTdZEeiCch8BBu515t4wp9ZmgVfVhn9EBpw==}
    engines: {node: '>=4.0'}

  esutils@2.0.3:
    resolution: {integrity: sha512-kVscqXk4OCp68SZ0dkgEKVi6/8ij300KBWTJq32P/dYeWTSwK41WyTxalN1eRmA5Z9UU/LX9D7FWSmV9SAYx6g==}
    engines: {node: '>=0.10.0'}

  ethers@6.13.5:
    resolution: {integrity: sha512-+knKNieu5EKRThQJWwqaJ10a6HE9sSehGeqWN65//wE7j47ZpFhKAnHB/JJFibwwg61I/koxaPsXbXpD/skNOQ==}
    engines: {node: '>=14.0.0'}

  eventemitter3@5.0.1:
    resolution: {integrity: sha512-GWkBvjiSZK87ELrYOSESUYeVIc9mvLLf/nXalMOS5dYrgZq9o5OVkbZAVM06CVxYsCwH9BDZFPlQTlPA1j4ahA==}

  fast-levenshtein@2.0.6:
    resolution: {integrity: sha512-DCXu6Ifhqcks7TZKY3Hxp3y6qphY5SJZmrWMDrKcERSOXWQdMhU9Ig/PYrzyw/ul9jOIyh0N4M0tbC5hodg8dw==}

  fastfile@0.0.20:
    resolution: {integrity: sha512-r5ZDbgImvVWCP0lA/cGNgQcZqR+aYdFx3u+CtJqUE510pBUVGMn4ulL/iRTI4tACTYsNJ736uzFxEBXesPAktA==}

  ffjavascript@0.3.0:
    resolution: {integrity: sha512-l7sR5kmU3gRwDy8g0Z2tYBXy5ttmafRPFOqY7S6af5cq51JqJWt5eQ/lSR/rs2wQNbDYaYlQr5O+OSUf/oMLoQ==}

  ffjavascript@0.3.1:
    resolution: {integrity: sha512-4PbK1WYodQtuF47D4pRI5KUg3Q392vuP5WjE1THSnceHdXwU3ijaoS0OqxTzLknCtz4Z2TtABzkBdBdMn3B/Aw==}

  filelist@1.0.4:
    resolution: {integrity: sha512-w1cEuf3S+DrLCQL7ET6kz+gmlJdbq9J7yXCSjK/OZCPA+qEN1WyF4ZAf0YYJa4/shHJra2t/d/r8SV4Ji+x+8Q==}

  has-flag@4.0.0:
    resolution: {integrity: sha512-EykJT/Q1KjTWctppgIAgfSO0tKVuZUjhgMr17kqTumMl6Afv3EISleU7qZUzoXDFTAHTDC4NOoG/ZxU3EvlMPQ==}
    engines: {node: '>=8'}

  hoopy@0.1.4:
    resolution: {integrity: sha512-HRcs+2mr52W0K+x8RzcLzuPPmVIKMSv97RGHy0Ea9y/mpcaK+xTrjICA04KAHi4GRzxliNqNJEFYWHghy3rSfQ==}
    engines: {node: '>= 6.0.0'}

  isows@1.0.6:
    resolution: {integrity: sha512-lPHCayd40oW98/I0uvgaHKWCSvkzY27LjWLbtzOm64yQ+G3Q5npjjbdppU65iZXkK1Zt+kH9pfegli0AYfwYYw==}
    peerDependencies:
      ws: '*'

  jake@10.9.2:
    resolution: {integrity: sha512-2P4SQ0HrLQ+fw6llpLnOaGAvN2Zu6778SJMrCUwns4fOoG9ayrTiZk3VV8sCPkVZF8ab0zksVpS8FDY5pRCNBA==}
    engines: {node: '>=10'}
    hasBin: true

  js-sha3@0.8.0:
    resolution: {integrity: sha512-gF1cRrHhIzNfToc802P800N8PpXS+evLLXfsVpowqmAFR9uwbi89WvXg2QspOmXL8QL86J4T1EpFu+yUkwJY3Q==}

  jsonpath@1.1.1:
    resolution: {integrity: sha512-l6Cg7jRpixfbgoWgkrl77dgEj8RPvND0wMH6TwQmi9Qs4TFfS9u5cUFnbeKTwj5ga5Y3BTGGNI28k117LJ009w==}

  levn@0.3.0:
    resolution: {integrity: sha512-0OO4y2iOHix2W6ujICbKIaEQXvFQHue65vUG3pb5EUomzPI90z9hsA1VsO/dbIIpC53J8gxM9Q4Oho0jrCM/yA==}
    engines: {node: '>= 0.8.0'}

  logplease@1.2.15:
    resolution: {integrity: sha512-jLlHnlsPSJjpwUfcNyUxXCl33AYg2cHhIf9QhGL2T4iPT0XPB+xP1LRKFPgIg1M/sg9kAJvy94w9CzBNrfnstA==}

  minimatch@3.1.2:
    resolution: {integrity: sha512-J7p63hRiAjw1NDEww1W7i37+ByIrOWO5XQQAzZ3VOcL0PNybwpfmV/N05zFAzwQ9USyEcX6t3UO+K5aqBQOIHw==}

  minimatch@5.1.6:
    resolution: {integrity: sha512-lKwV/1brpG6mBUFHtb7NUmtABCb2WZZmm2wNiOA5hAb8VdCS4B3dtMWyvcoViccwAW/COERjXLt0zP1zXUN26g==}
    engines: {node: '>=10'}

  nanoassert@2.0.0:
    resolution: {integrity: sha512-7vO7n28+aYO4J+8w96AzhmU8G+Y/xpPDJz/se19ICsqj/momRbb9mh9ZUtkoJ5X3nTnPdhEJyc0qnM6yAsHBaA==}

  optionator@0.8.3:
    resolution: {integrity: sha512-+IW9pACdk3XWmmTXG8m3upGUJst5XRGzxMRjXzAuJ1XnIFNvfhjjIuYkDvysnPQ7qzqVzLt78BCruntqRhWQbA==}
    engines: {node: '>= 0.8.0'}

  ox@0.6.9:
    resolution: {integrity: sha512-wi5ShvzE4eOcTwQVsIPdFr+8ycyX+5le/96iAJutaZAvCes1J0+RvpEPg5QDPDiaR0XQQAvZVl7AwqQcINuUug==}
    peerDependencies:
      typescript: '>=5.4.0'
    peerDependenciesMeta:
      typescript:
        optional: true

  poseidon-lite@0.3.0:
    resolution: {integrity: sha512-ilJj4MIve4uBEG7SrtPqUUNkvpJ/pLVbndxa0WvebcQqeIhe+h72JR4g0EvwchUzm9sOQDlOjiDNmRAgxNZl4A==}

  prelude-ls@1.1.2:
    resolution: {integrity: sha512-ESF23V4SKG6lVSGZgYNpbsiaAkdab6ZgOxe52p7+Kid3W3u3bxR4Vfd/o21dmN7jSt0IwgZ4v5MUd26FEtXE9w==}
    engines: {node: '>= 0.8.0'}

  pvtsutils@1.3.6:
    resolution: {integrity: sha512-PLgQXQ6H2FWCaeRak8vvk1GW462lMxB5s3Jm673N82zI4vqtVUPuZdffdZbPDFRoU8kAhItWFtPCWiPpp4/EDg==}

  pvutils@1.1.3:
    resolution: {integrity: sha512-pMpnA0qRdFp32b1sJl1wOJNxZLQ2cbQx+k6tjNtZ8CpvVhNqEPRgivZ2WOUev2YMajecdH7ctUPDvEe87nariQ==}
    engines: {node: '>=6.0.0'}

  r1csfile@0.0.48:
    resolution: {integrity: sha512-kHRkKUJNaor31l05f2+RFzvcH5XSa7OfEfd/l4hzjte6NL6fjRkSMfZ4BjySW9wmfdwPOtq3mXurzPvPGEf5Tw==}

  source-map@0.6.1:
    resolution: {integrity: sha512-UjgapumWlbMhkBgzT7Ykc5YXUT46F0iKu8SGXq0bcwP5dz/h0Plj6enJqjz1Zbq2l5WaqYnrVbwWOWMyF3F47g==}
    engines: {node: '>=0.10.0'}

  static-eval@2.0.2:
    resolution: {integrity: sha512-N/D219Hcr2bPjLxPiV+TQE++Tsmrady7TqAJugLy7Xk1EumfDWS/f5dtBbkRCGE7wKKXuYockQoj8Rm2/pVKyg==}

  supports-color@7.2.0:
    resolution: {integrity: sha512-qpCAvRl9stuOHveKsn7HncJRvv501qIacKzQlO/+Lwxc9+0q2wLyv4Dfvt80/DPn2pqOBsJdDiogXGR9+OvwRw==}
    engines: {node: '>=8'}

  tryer@1.0.1:
    resolution: {integrity: sha512-c3zayb8/kWWpycWYg87P71E1S1ZL6b6IJxfb5fvsUgsf0S2MVGaDhDXXjDMpdCpfWXqptc+4mXwmiy1ypXqRAA==}

  tslib@2.7.0:
    resolution: {integrity: sha512-gLXCKdN1/j47AiHiOkJN69hJmcbGTHI0ImLmbYLHykhgeN0jVGola9yVjFgzCUklsZQMW55o+dW7IXv3RCXDzA==}

  tslib@2.8.1:
    resolution: {integrity: sha512-oJFu94HQb+KVduSUQL7wnpmqnfmLsOA/nAh6b6EH0wCEoK0/mPeXU6c3wKDV83MkOuHPRHtSXKKU99IBazS/2w==}

  type-check@0.3.2:
    resolution: {integrity: sha512-ZCmOJdvOWDBYJlzAoFkC+Q0+bUyEOS1ltgp1MGU03fqHG+dbi9tBFU2Rd9QKiDZFAYrhPh2JUf7rZRIuHRKtOg==}
    engines: {node: '>= 0.8.0'}

  typescript@5.8.3:
    resolution: {integrity: sha512-p1diW6TqL9L07nNxvRMM7hMMw4c5XOo/1ibL4aAIGmSAt9slTE1Xgw5KWuof2uTOvCg9BY7ZRi+GaF+7sfgPeQ==}
    engines: {node: '>=14.17'}
    hasBin: true

  underscore@1.12.1:
    resolution: {integrity: sha512-hEQt0+ZLDVUMhebKxL4x1BTtDY7bavVofhZ9KZ4aI26X9SRaE+Y3m83XUL1UP2jn8ynjndwCCpEHdUG+9pP1Tw==}

  undici-types@6.19.8:
    resolution: {integrity: sha512-ve2KP6f/JnbPBFyobGHuerC9g1FYGn/F8n1LWTwNxCEzd6IfqTwUQcNXgEtmmQ6DlRrC1hrSrBnCZPokRrDHjw==}

  undici-types@6.21.0:
    resolution: {integrity: sha512-iwDZqg0QAGrg9Rav5H4n0M64c3mkR59cJ6wQp+7C4nI0gsmExaedaYLNO44eT4AtBBwjbTiGPMlt2Md0T9H9JQ==}

  viem@2.26.3:
    resolution: {integrity: sha512-rGIIdDsxbs101C0gorWkuPqtMfRy2+lmO8S25fkzVe1KPQw0CQ8u6JMFHrLwdJS9Lr9xwpgmPh6LfvpOjpo3xQ==}
    peerDependencies:
      typescript: '>=5.0.4'
    peerDependenciesMeta:
      typescript:
        optional: true

  wasmbuilder@0.0.16:
    resolution: {integrity: sha512-Qx3lEFqaVvp1cEYW7Bfi+ebRJrOiwz2Ieu7ZG2l7YyeSJIok/reEQCQCuicj/Y32ITIJuGIM9xZQppGx5LrQdA==}

  wasmcurves@0.2.2:
    resolution: {integrity: sha512-JRY908NkmKjFl4ytnTu5ED6AwPD+8VJ9oc94kdq7h5bIwbj0L4TDJ69mG+2aLs2SoCmGfqIesMWTEJjtYsoQXQ==}

  web-worker@1.2.0:
    resolution: {integrity: sha512-PgF341avzqyx60neE9DD+XS26MMNMoUQRz9NOZwW32nPQrF6p77f1htcnjBSEV8BGMKZ16choqUG4hyI0Hx7mA==}

  webcrypto-core@1.8.1:
    resolution: {integrity: sha512-P+x1MvlNCXlKbLSOY4cYrdreqPG5hbzkmawbcXLKN/mf6DZW0SdNNkZ+sjwsqVkI4A4Ko2sPZmkZtCKY58w83A==}

  word-wrap@1.2.5:
    resolution: {integrity: sha512-BN22B5eaMMI9UMtjrGd5g5eCYPpCPDUy0FJXbYsaT5zYxjFOckS53SQDE3pWkVoWpHXVb3BrYcEN4Twa55B5cA==}
    engines: {node: '>=0.10.0'}

  ws@8.17.1:
    resolution: {integrity: sha512-6XQFvXTkbfUOZOKKILFG1PDK2NDQs4azKQl26T0YS5CxqWLgXajbPZ+h4gZekJyRqFU8pvnbAbbs/3TgRPy+GQ==}
    engines: {node: '>=10.0.0'}
    peerDependencies:
      bufferutil: ^4.0.1
      utf-8-validate: '>=5.0.2'
    peerDependenciesMeta:
      bufferutil:
        optional: true
      utf-8-validate:
        optional: true

  ws@8.18.1:
    resolution: {integrity: sha512-RKW2aJZMXeMxVpnZ6bck+RswznaxmzdULiBr6KY7XkTnW8uvt0iT9H5DkHUChXrc+uurzwa0rVI16n/Xzjdz1w==}
    engines: {node: '>=10.0.0'}
    peerDependencies:
      bufferutil: ^4.0.1
      utf-8-validate: '>=5.0.2'
    peerDependenciesMeta:
      bufferutil:
        optional: true
      utf-8-validate:
        optional: true

  zod@3.24.2:
    resolution: {integrity: sha512-lY7CDW43ECgW9u1TcT3IoXHflywfVqDYze4waEz812jR/bZ8FHDsl7pFQoSZTz5N+2NqRXs8GBwnAwo3ZNxqhQ==}

snapshots:

  '@adraffy/ens-normalize@1.10.1': {}

  '@adraffy/ens-normalize@1.11.0': {}

  '@iden3/bigarray@0.0.2': {}

  '@iden3/binfileutils@0.0.12':
    dependencies:
      fastfile: 0.0.20
      ffjavascript: 0.3.1

  '@noble/curves@1.2.0':
    dependencies:
      '@noble/hashes': 1.3.2

  '@noble/curves@1.8.1':
    dependencies:
      '@noble/hashes': 1.7.1

  '@noble/hashes@1.3.2': {}

  '@noble/hashes@1.7.1': {}

  '@peculiar/asn1-schema@2.3.15':
    dependencies:
      asn1js: 3.0.6
      pvtsutils: 1.3.6
      tslib: 2.8.1

  '@peculiar/json-schema@1.1.12':
    dependencies:
      tslib: 2.8.1

  '@peculiar/webcrypto@1.5.0':
    dependencies:
      '@peculiar/asn1-schema': 2.3.15
      '@peculiar/json-schema': 1.1.12
      pvtsutils: 1.3.6
      tslib: 2.8.1
      webcrypto-core: 1.8.1

  '@scure/base@1.2.4': {}

  '@scure/bip32@1.6.2':
    dependencies:
      '@noble/curves': 1.8.1
      '@noble/hashes': 1.7.1
      '@scure/base': 1.2.4

  '@scure/bip39@1.5.4':
    dependencies:
      '@noble/hashes': 1.7.1
      '@scure/base': 1.2.4

  '@types/node@22.14.1':
    dependencies:
      undici-types: 6.21.0

  '@types/node@22.7.5':
    dependencies:
      undici-types: 6.19.8

  '@zk-email/relayer-utils@0.4.65': {}

  '@zk-email/sdk@0.0.139(typescript@5.8.3)':
    dependencies:
      '@peculiar/webcrypto': 1.5.0
      '@zk-email/relayer-utils': 0.4.65
      '@zk-email/snarkjs': 0.0.1
      ethers: 6.13.5
      poseidon-lite: 0.3.0
      typescript: 5.8.3
      viem: 2.26.3(typescript@5.8.3)(zod@3.24.2)
      zod: 3.24.2
    transitivePeerDependencies:
      - bufferutil
      - utf-8-validate

  '@zk-email/snarkjs@0.0.1':
    dependencies:
      '@iden3/binfileutils': 0.0.12
      bfj: 7.1.0
      blake2b-wasm: 2.4.0
      circom_runtime: 0.1.28
      ejs: 3.1.10
      fastfile: 0.0.20
      ffjavascript: 0.3.1
      js-sha3: 0.8.0
      logplease: 1.2.15
      r1csfile: 0.0.48

  abitype@1.0.8(typescript@5.8.3)(zod@3.24.2):
    optionalDependencies:
      typescript: 5.8.3
      zod: 3.24.2

  aes-js@4.0.0-beta.5: {}

  ansi-styles@4.3.0:
    dependencies:
      color-convert: 2.0.1

  asn1js@3.0.6:
    dependencies:
      pvtsutils: 1.3.6
      pvutils: 1.1.3
      tslib: 2.8.1

  async@3.2.6: {}

  b4a@1.6.7: {}

  balanced-match@1.0.2: {}

  bfj@7.1.0:
    dependencies:
      bluebird: 3.7.2
      check-types: 11.2.3
      hoopy: 0.1.4
      jsonpath: 1.1.1
      tryer: 1.0.1

  blake2b-wasm@2.4.0:
    dependencies:
      b4a: 1.6.7
      nanoassert: 2.0.0

  bluebird@3.7.2: {}

  brace-expansion@1.1.11:
    dependencies:
      balanced-match: 1.0.2
      concat-map: 0.0.1

  brace-expansion@2.0.1:
    dependencies:
      balanced-match: 1.0.2

  chalk@4.1.2:
    dependencies:
      ansi-styles: 4.3.0
      supports-color: 7.2.0

  check-types@11.2.3: {}

  circom_runtime@0.1.28:
    dependencies:
      ffjavascript: 0.3.1

  color-convert@2.0.1:
    dependencies:
      color-name: 1.1.4

  color-name@1.1.4: {}

  concat-map@0.0.1: {}

  deep-is@0.1.4: {}

  ejs@3.1.10:
    dependencies:
      jake: 10.9.2

  escodegen@1.14.3:
    dependencies:
      esprima: 4.0.1
      estraverse: 4.3.0
      esutils: 2.0.3
      optionator: 0.8.3
    optionalDependencies:
      source-map: 0.6.1

  esprima@1.2.2: {}

  esprima@4.0.1: {}

  estraverse@4.3.0: {}

  esutils@2.0.3: {}

  ethers@6.13.5:
    dependencies:
      '@adraffy/ens-normalize': 1.10.1
      '@noble/curves': 1.2.0
      '@noble/hashes': 1.3.2
      '@types/node': 22.7.5
      aes-js: 4.0.0-beta.5
      tslib: 2.7.0
      ws: 8.17.1
    transitivePeerDependencies:
      - bufferutil
      - utf-8-validate

  eventemitter3@5.0.1: {}

  fast-levenshtein@2.0.6: {}

  fastfile@0.0.20: {}

  ffjavascript@0.3.0:
    dependencies:
      wasmbuilder: 0.0.16
      wasmcurves: 0.2.2
      web-worker: 1.2.0

  ffjavascript@0.3.1:
    dependencies:
      wasmbuilder: 0.0.16
      wasmcurves: 0.2.2
      web-worker: 1.2.0

  filelist@1.0.4:
    dependencies:
      minimatch: 5.1.6

  has-flag@4.0.0: {}

  hoopy@0.1.4: {}

  isows@1.0.6(ws@8.18.1):
    dependencies:
      ws: 8.18.1

  jake@10.9.2:
    dependencies:
      async: 3.2.6
      chalk: 4.1.2
      filelist: 1.0.4
      minimatch: 3.1.2

  js-sha3@0.8.0: {}

  jsonpath@1.1.1:
    dependencies:
      esprima: 1.2.2
      static-eval: 2.0.2
      underscore: 1.12.1

  levn@0.3.0:
    dependencies:
      prelude-ls: 1.1.2
      type-check: 0.3.2

  logplease@1.2.15: {}

  minimatch@3.1.2:
    dependencies:
      brace-expansion: 1.1.11

  minimatch@5.1.6:
    dependencies:
      brace-expansion: 2.0.1

  nanoassert@2.0.0: {}

  optionator@0.8.3:
    dependencies:
      deep-is: 0.1.4
      fast-levenshtein: 2.0.6
      levn: 0.3.0
      prelude-ls: 1.1.2
      type-check: 0.3.2
      word-wrap: 1.2.5

  ox@0.6.9(typescript@5.8.3)(zod@3.24.2):
    dependencies:
      '@adraffy/ens-normalize': 1.11.0
      '@noble/curves': 1.8.1
      '@noble/hashes': 1.7.1
      '@scure/bip32': 1.6.2
      '@scure/bip39': 1.5.4
      abitype: 1.0.8(typescript@5.8.3)(zod@3.24.2)
      eventemitter3: 5.0.1
    optionalDependencies:
      typescript: 5.8.3
    transitivePeerDependencies:
      - zod

  poseidon-lite@0.3.0: {}

  prelude-ls@1.1.2: {}

  pvtsutils@1.3.6:
    dependencies:
      tslib: 2.8.1

  pvutils@1.1.3: {}

  r1csfile@0.0.48:
    dependencies:
      '@iden3/bigarray': 0.0.2
      '@iden3/binfileutils': 0.0.12
      fastfile: 0.0.20
      ffjavascript: 0.3.0

  source-map@0.6.1:
    optional: true

  static-eval@2.0.2:
    dependencies:
      escodegen: 1.14.3

  supports-color@7.2.0:
    dependencies:
      has-flag: 4.0.0

  tryer@1.0.1: {}

  tslib@2.7.0: {}

  tslib@2.8.1: {}

  type-check@0.3.2:
    dependencies:
      prelude-ls: 1.1.2

  typescript@5.8.3: {}

  underscore@1.12.1: {}

  undici-types@6.19.8: {}

  undici-types@6.21.0: {}

  viem@2.26.3(typescript@5.8.3)(zod@3.24.2):
    dependencies:
      '@noble/curves': 1.8.1
      '@noble/hashes': 1.7.1
      '@scure/bip32': 1.6.2
      '@scure/bip39': 1.5.4
      abitype: 1.0.8(typescript@5.8.3)(zod@3.24.2)
      isows: 1.0.6(ws@8.18.1)
      ox: 0.6.9(typescript@5.8.3)(zod@3.24.2)
      ws: 8.18.1
    optionalDependencies:
      typescript: 5.8.3
    transitivePeerDependencies:
      - bufferutil
      - utf-8-validate
      - zod

  wasmbuilder@0.0.16: {}

  wasmcurves@0.2.2:
    dependencies:
      wasmbuilder: 0.0.16

  web-worker@1.2.0: {}

  webcrypto-core@1.8.1:
    dependencies:
      '@peculiar/asn1-schema': 2.3.15
      '@peculiar/json-schema': 1.1.12
      asn1js: 3.0.6
      pvtsutils: 1.3.6
      tslib: 2.8.1

  word-wrap@1.2.5: {}

  ws@8.17.1: {}

  ws@8.18.1: {}

  zod@3.24.2: {}
